
Microsoft Visual Studio Solution File, Format Version 12.00
# Visual Studio Version 17
VisualStudioVersion = 17.7.34003.232
MinimumVisualStudioVersion = 10.0.40219.1
Project("{FAE04EC0-301F-11D3-BF4B-00C04F79EFBC}") = "MiniPriceApp", "MiniPriceApp\MiniPriceApp.csproj", "{4D1FB4AF-0E16-4F12-BD62-B635F5283702}"
EndProject
Project("{FAE04EC0-301F-11D3-BF4B-00C04F79EFBC}") = "MiniPriceApp.Tests", "MiniPriceApp.Tests\MiniPriceApp.Tests.csproj", "{58E29900-1BFE-4049-BE21-7C49F9790DED}"
EndProject
Global
	GlobalSection(SolutionConfigurationPlatforms) = preSolution
		Debug|Any CPU = Debug|Any CPU
		Release|Any CPU = Release|Any CPU
	EndGlobalSection
	GlobalSection(ProjectConfigurationPlatforms) = postSolution
		{4D1FB4AF-0E16-4F12-BD62-B635F5283702}.Debug|Any CPU.ActiveCfg = Debug|Any CPU
		{4D1FB4AF-0E16-4F12-BD62-B635F5283702}.Debug|Any CPU.Build.0 = Debug|Any CPU
		{4D1FB4AF-0E16-4F12-BD62-B635F5283702}.Release|Any CPU.ActiveCfg = Release|Any CPU
		{4D1FB4AF-0E16-4F12-BD62-B635F5283702}.Release|Any CPU.Build.0 = Release|Any CPU
		{58E29900-1BFE-4049-BE21-7C49F9790DED}.Debug|Any CPU.ActiveCfg = Debug|Any CPU
		{58E29900-1BFE-4049-BE21-7C49F9790DED}.Debug|Any CPU.Build.0 = Debug|Any CPU
		{58E29900-1BFE-4049-BE21-7C49F9790DED}.Release|Any CPU.ActiveCfg = Release|Any CPU
		{58E29900-1BFE-4049-BE21-7C49F9790DED}.Release|Any CPU.Build.0 = Release|Any CPU
	EndGlobalSection
	GlobalSection(SolutionProperties) = preSolution
		HideSolutionNode = FALSE
	EndGlobalSection
	GlobalSection(ExtensibilityGlobals) = postSolution
		SolutionGuid = {C7124127-B5F4-4E80-9181-76EB2E3444CB}
	EndGlobalSection
EndGlobal
